
Microsoft Visual Studio Solution File, Format Version 12.00
# Visual Studio 15
VisualStudioVersion = 15.0.27703.2047
MinimumVisualStudioVersion = 10.0.40219.1
Project("{8BC9CEB8-8B4A-11D0-8D11-00A0C91BC942}") = "stimulus", "stimulus.vcxproj", "{69C6BA78-4988-4262-BC0D-03AFAF1EE449}"
EndProject
Global
	GlobalSection(SolutionConfigurationPlatforms) = preSolution
		Debug|x64 = Debug|x64
		Debug|x86 = Debug|x86
		Release|x64 = Release|x64
		Release|x86 = Release|x86
	EndGlobalSection
	GlobalSection(ProjectConfigurationPlatforms) = postSolution
		{69C6BA78-4988-4262-BC0D-03AFAF1EE449}.Debug|x64.ActiveCfg = Debug|x64
		{69C6BA78-4988-4262-BC0D-03AFAF1EE449}.Debug|x64.Build.0 = Debug|x64
		{69C6BA78-4988-4262-BC0D-03AFAF1EE449}.Debug|x86.ActiveCfg = Debug|Win32
		{69C6BA78-4988-4262-BC0D-03AFAF1EE449}.Debug|x86.Build.0 = Debug|Win32
		{69C6BA78-4988-4262-BC0D-03AFAF1EE449}.Release|x64.ActiveCfg = Release|x64
		{69C6BA78-4988-4262-BC0D-03AFAF1EE449}.Release|x64.Build.0 = Release|x64
		{69C6BA78-4988-4262-BC0D-03AFAF1EE449}.Release|x86.ActiveCfg = Release|Win32
		{69C6BA78-4988-4262-BC0D-03AFAF1EE449}.Release|x86.Build.0 = Release|Win32
	EndGlobalSection
	GlobalSection(SolutionProperties) = preSolution
		HideSolutionNode = FALSE
	EndGlobalSection
	GlobalSection(ExtensibilityGlobals) = postSolution
		SolutionGuid = {2BFC8AA7-EAEF-4BB1-95AD-7F6D2E00CDD0}
	EndGlobalSection
EndGlobal
